
Microsoft Visual Studio Solution File, Format Version 12.00
# Visual Studio Version 17
VisualStudioVersion = 17.8.34525.116
MinimumVisualStudioVersion = 10.0.40219.1
Project("{9A19103F-16F7-4668-BE54-9A1E7A4F7556}") = "HotelBookingSystem", "HotelBookingSystem\HotelBookingSystem.csproj", "{DD4D7969-01D9-4582-92A1-155444EDE595}"
EndProject
Global
	GlobalSection(SolutionConfigurationPlatforms) = preSolution
		Debug|Any CPU = Debug|Any CPU
		Release|Any CPU = Release|Any CPU
	EndGlobalSection
	GlobalSection(ProjectConfigurationPlatforms) = postSolution
		{DD4D7969-01D9-4582-92A1-155444EDE595}.Debug|Any CPU.ActiveCfg = Debug|Any CPU
		{DD4D7969-01D9-4582-92A1-155444EDE595}.Debug|Any CPU.Build.0 = Debug|Any CPU
		{DD4D7969-01D9-4582-92A1-155444EDE595}.Release|Any CPU.ActiveCfg = Release|Any CPU
		{DD4D7969-01D9-4582-92A1-155444EDE595}.Release|Any CPU.Build.0 = Release|Any CPU
	EndGlobalSection
	GlobalSection(SolutionProperties) = preSolution
		HideSolutionNode = FALSE
	EndGlobalSection
	GlobalSection(ExtensibilityGlobals) = postSolution
		SolutionGuid = {3EB070F3-FF76-4A97-8DCE-001672916C12}
	EndGlobalSection
EndGlobal
